
Microsoft Visual Studio Solution File, Format Version 12.00
# Visual Studio Version 17
VisualStudioVersion = 17.0.31903.59
MinimumVisualStudioVersion = 10.0.40219.1
Project("{FAE04EC0-301F-11D3-BF4B-00C04F79EFBC}") = "API", "API\API.csproj", "{96BD4B4D-0CA2-4322-B4D3-DC09BC6951E7}"
EndProject
Project("{FAE04EC0-301F-11D3-BF4B-00C04F79EFBC}") = "Application", "Application\Application.csproj", "{89B14C95-7E68-4FDC-B199-FEAED6977608}"
EndProject
Project("{FAE04EC0-301F-11D3-BF4B-00C04F79EFBC}") = "Domain", "Domain\Domain.csproj", "{17F96AEF-5809-40F3-B689-FF425E442398}"
EndProject
Project("{FAE04EC0-301F-11D3-BF4B-00C04F79EFBC}") = "Persistence", "Persistence\Persistence.csproj", "{EEEEDF6A-BBB0-4A6A-B59F-E4C3461EC338}"
EndProject
Project("{FAE04EC0-301F-11D3-BF4B-00C04F79EFBC}") = "Infrastructure", "Infrastructure\Infrastructure.csproj", "{42B34B62-9EE5-4521-AA19-91299A5408D0}"
EndProject
Global
	GlobalSection(SolutionConfigurationPlatforms) = preSolution
		Debug|Any CPU = Debug|Any CPU
		Release|Any CPU = Release|Any CPU
	EndGlobalSection
	GlobalSection(SolutionProperties) = preSolution
		HideSolutionNode = FALSE
	EndGlobalSection
	GlobalSection(ProjectConfigurationPlatforms) = postSolution
		{96BD4B4D-0CA2-4322-B4D3-DC09BC6951E7}.Debug|Any CPU.ActiveCfg = Debug|Any CPU
		{96BD4B4D-0CA2-4322-B4D3-DC09BC6951E7}.Debug|Any CPU.Build.0 = Debug|Any CPU
		{96BD4B4D-0CA2-4322-B4D3-DC09BC6951E7}.Release|Any CPU.ActiveCfg = Release|Any CPU
		{96BD4B4D-0CA2-4322-B4D3-DC09BC6951E7}.Release|Any CPU.Build.0 = Release|Any CPU
		{89B14C95-7E68-4FDC-B199-FEAED6977608}.Debug|Any CPU.ActiveCfg = Debug|Any CPU
		{89B14C95-7E68-4FDC-B199-FEAED6977608}.Debug|Any CPU.Build.0 = Debug|Any CPU
		{89B14C95-7E68-4FDC-B199-FEAED6977608}.Release|Any CPU.ActiveCfg = Release|Any CPU
		{89B14C95-7E68-4FDC-B199-FEAED6977608}.Release|Any CPU.Build.0 = Release|Any CPU
		{17F96AEF-5809-40F3-B689-FF425E442398}.Debug|Any CPU.ActiveCfg = Debug|Any CPU
		{17F96AEF-5809-40F3-B689-FF425E442398}.Debug|Any CPU.Build.0 = Debug|Any CPU
		{17F96AEF-5809-40F3-B689-FF425E442398}.Release|Any CPU.ActiveCfg = Release|Any CPU
		{17F96AEF-5809-40F3-B689-FF425E442398}.Release|Any CPU.Build.0 = Release|Any CPU
		{EEEEDF6A-BBB0-4A6A-B59F-E4C3461EC338}.Debug|Any CPU.ActiveCfg = Debug|Any CPU
		{EEEEDF6A-BBB0-4A6A-B59F-E4C3461EC338}.Debug|Any CPU.Build.0 = Debug|Any CPU
		{EEEEDF6A-BBB0-4A6A-B59F-E4C3461EC338}.Release|Any CPU.ActiveCfg = Release|Any CPU
		{EEEEDF6A-BBB0-4A6A-B59F-E4C3461EC338}.Release|Any CPU.Build.0 = Release|Any CPU
		{42B34B62-9EE5-4521-AA19-91299A5408D0}.Debug|Any CPU.ActiveCfg = Debug|Any CPU
		{42B34B62-9EE5-4521-AA19-91299A5408D0}.Debug|Any CPU.Build.0 = Debug|Any CPU
		{42B34B62-9EE5-4521-AA19-91299A5408D0}.Release|Any CPU.ActiveCfg = Release|Any CPU
		{42B34B62-9EE5-4521-AA19-91299A5408D0}.Release|Any CPU.Build.0 = Release|Any CPU
	EndGlobalSection
EndGlobal
